
Microsoft Visual Studio Solution File, Format Version 12.00
# Visual Studio Version 17
VisualStudioVersion = 17.9.34616.47
MinimumVisualStudioVersion = 10.0.40219.1
Project("{FAE04EC0-301F-11D3-BF4B-00C04F79EFBC}") = "Constructor-Inheritance-Homework", "Constructor-Inheritance-Homework\Constructor-Inheritance-Homework.csproj", "{CF4B31CD-AE77-40A7-9724-8FE93804A70B}"
EndProject
Global
	GlobalSection(SolutionConfigurationPlatforms) = preSolution
		Debug|Any CPU = Debug|Any CPU
		Release|Any CPU = Release|Any CPU
	EndGlobalSection
	GlobalSection(ProjectConfigurationPlatforms) = postSolution
		{CF4B31CD-AE77-40A7-9724-8FE93804A70B}.Debug|Any CPU.ActiveCfg = Debug|Any CPU
		{CF4B31CD-AE77-40A7-9724-8FE93804A70B}.Debug|Any CPU.Build.0 = Debug|Any CPU
		{CF4B31CD-AE77-40A7-9724-8FE93804A70B}.Release|Any CPU.ActiveCfg = Release|Any CPU
		{CF4B31CD-AE77-40A7-9724-8FE93804A70B}.Release|Any CPU.Build.0 = Release|Any CPU
	EndGlobalSection
	GlobalSection(SolutionProperties) = preSolution
		HideSolutionNode = FALSE
	EndGlobalSection
	GlobalSection(ExtensibilityGlobals) = postSolution
		SolutionGuid = {A315B5D2-B9B4-4A54-ADDA-B81CE6DB0F7E}
	EndGlobalSection
EndGlobal
